Microsoft Visual Studio Solution File, Format Version 12.00
# Visual Studio Version 17
VisualStudioVersion = 17.5.2.0
MinimumVisualStudioVersion = 10.0.40219.1
Project("{FAE04EC0-301F-11D3-BF4B-00C04F79EFBC}") = "ArabicCompiler", "ArabicCompiler\ArabicCompiler.csproj", "{410D37B9-F3AE-92FB-028C-83ABB4965975}"
EndProject
Global
	GlobalSection(SolutionConfigurationPlatforms) = preSolution
		Debug|Any CPU = Debug|Any CPU
		Release|Any CPU = Release|Any CPU
	EndGlobalSection
	GlobalSection(ProjectConfigurationPlatforms) = postSolution
		{410D37B9-F3AE-92FB-028C-83ABB4965975}.Debug|Any CPU.ActiveCfg = Debug|Any CPU
		{410D37B9-F3AE-92FB-028C-83ABB4965975}.Debug|Any CPU.Build.0 = Debug|Any CPU
		{410D37B9-F3AE-92FB-028C-83ABB4965975}.Release|Any CPU.ActiveCfg = Release|Any CPU
		{410D37B9-F3AE-92FB-028C-83ABB4965975}.Release|Any CPU.Build.0 = Release|Any CPU
	EndGlobalSection
	GlobalSection(SolutionProperties) = preSolution
		HideSolutionNode = FALSE
	EndGlobalSection
	GlobalSection(ExtensibilityGlobals) = postSolution
		SolutionGuid = {69839166-0494-4948-B525-9C2385306A4B}
	EndGlobalSection
EndGlobal
